
Microsoft Visual Studio Solution File, Format Version 12.00
# Visual Studio Version 16
VisualStudioVersion = 16.0.30523.141
MinimumVisualStudioVersion = 10.0.40219.1
Project("{9A19103F-16F7-4668-BE54-9A1E7A4F7556}") = "Employee.Api", "Employee_Server\Employee.Api.csproj", "{57D54218-5749-4F35-AC71-E9A24C706851}"
EndProject
Project("{FAE04EC0-301F-11D3-BF4B-00C04F79EFBC}") = "Employee.Model", "Employee.Model\Employee.Model.csproj", "{A89FB06B-E4B6-4575-AF4F-1EB69C5BE665}"
EndProject
Project("{FAE04EC0-301F-11D3-BF4B-00C04F79EFBC}") = "Employee.Entity", "Employee.Entity\Employee.Entity.csproj", "{180162AF-2144-43E6-81CF-01C95C600071}"
EndProject
Project("{FAE04EC0-301F-11D3-BF4B-00C04F79EFBC}") = "Employee.Api.Data", "Employee.Api.Data\Employee.Api.Data.csproj", "{276E069E-B222-48FF-8CB2-4C7244F11CCB}"
EndProject
Project("{FAE04EC0-301F-11D3-BF4B-00C04F79EFBC}") = "Employee.Core", "Employee.Core\Employee.Core.csproj", "{D768CF58-8B17-4FF1-9B52-2F590CE97A83}"
EndProject
Project("{FAE04EC0-301F-11D3-BF4B-00C04F79EFBC}") = "Employee.Common", "Employee.Common\Employee.Common.csproj", "{8F935602-7A12-4D80-A6C0-705BC89621F6}"
EndProject
Global
	GlobalSection(SolutionConfigurationPlatforms) = preSolution
		Debug|Any CPU = Debug|Any CPU
		Release|Any CPU = Release|Any CPU
	EndGlobalSection
	GlobalSection(ProjectConfigurationPlatforms) = postSolution
		{57D54218-5749-4F35-AC71-E9A24C706851}.Debug|Any CPU.ActiveCfg = Debug|Any CPU
		{57D54218-5749-4F35-AC71-E9A24C706851}.Debug|Any CPU.Build.0 = Debug|Any CPU
		{57D54218-5749-4F35-AC71-E9A24C706851}.Release|Any CPU.ActiveCfg = Release|Any CPU
		{57D54218-5749-4F35-AC71-E9A24C706851}.Release|Any CPU.Build.0 = Release|Any CPU
		{A89FB06B-E4B6-4575-AF4F-1EB69C5BE665}.Debug|Any CPU.ActiveCfg = Debug|Any CPU
		{A89FB06B-E4B6-4575-AF4F-1EB69C5BE665}.Debug|Any CPU.Build.0 = Debug|Any CPU
		{A89FB06B-E4B6-4575-AF4F-1EB69C5BE665}.Release|Any CPU.ActiveCfg = Release|Any CPU
		{A89FB06B-E4B6-4575-AF4F-1EB69C5BE665}.Release|Any CPU.Build.0 = Release|Any CPU
		{180162AF-2144-43E6-81CF-01C95C600071}.Debug|Any CPU.ActiveCfg = Debug|Any CPU
		{180162AF-2144-43E6-81CF-01C95C600071}.Debug|Any CPU.Build.0 = Debug|Any CPU
		{180162AF-2144-43E6-81CF-01C95C600071}.Release|Any CPU.ActiveCfg = Release|Any CPU
		{180162AF-2144-43E6-81CF-01C95C600071}.Release|Any CPU.Build.0 = Release|Any CPU
		{276E069E-B222-48FF-8CB2-4C7244F11CCB}.Debug|Any CPU.ActiveCfg = Debug|Any CPU
		{276E069E-B222-48FF-8CB2-4C7244F11CCB}.Debug|Any CPU.Build.0 = Debug|Any CPU
		{276E069E-B222-48FF-8CB2-4C7244F11CCB}.Release|Any CPU.ActiveCfg = Release|Any CPU
		{276E069E-B222-48FF-8CB2-4C7244F11CCB}.Release|Any CPU.Build.0 = Release|Any CPU
		{D768CF58-8B17-4FF1-9B52-2F590CE97A83}.Debug|Any CPU.ActiveCfg = Debug|Any CPU
		{D768CF58-8B17-4FF1-9B52-2F590CE97A83}.Debug|Any CPU.Build.0 = Debug|Any CPU
		{D768CF58-8B17-4FF1-9B52-2F590CE97A83}.Release|Any CPU.ActiveCfg = Release|Any CPU
		{D768CF58-8B17-4FF1-9B52-2F590CE97A83}.Release|Any CPU.Build.0 = Release|Any CPU
		{8F935602-7A12-4D80-A6C0-705BC89621F6}.Debug|Any CPU.ActiveCfg = Debug|Any CPU
		{8F935602-7A12-4D80-A6C0-705BC89621F6}.Debug|Any CPU.Build.0 = Debug|Any CPU
		{8F935602-7A12-4D80-A6C0-705BC89621F6}.Release|Any CPU.ActiveCfg = Release|Any CPU
		{8F935602-7A12-4D80-A6C0-705BC89621F6}.Release|Any CPU.Build.0 = Release|Any CPU
	EndGlobalSection
	GlobalSection(SolutionProperties) = preSolution
		HideSolutionNode = FALSE
	EndGlobalSection
	GlobalSection(ExtensibilityGlobals) = postSolution
		SolutionGuid = {5D635452-4436-4250-9A19-DD3089FD8395}
	EndGlobalSection
EndGlobal
